{
  "name": "google-libphonenumber",
  "version": "1.0.0",
  "lockfileVersion": 2,
  "requires": true,
  "packages": {
    "": {
      "version": "1.0.0",
      "license": "ISC",
      "dependencies": {
        "google-libphonenumber": "^3.0.12",
        "google-libphonenumber-latest": "npm:google-libphonenumber@^3.2.21"
      }
    },
    "node_modules/google-libphonenumber": {
      "version": "3.0.12",
      "resolved": "https://registry.npmjs.org/google-libphonenumber/-/google-libphonenumber-3.0.12.tgz",
      "integrity": "sha512-z+kGqkHo61yAXWCGzhnoub6pm7Pmv+txeMa6Xp4rFuejDBmh7kzuvAQhi7Oyi9tAGURMmOMouMsLkDvf7GlqOA==",
      "engines": {
        "node": ">=0.10"
      }
    },
    "node_modules/google-libphonenumber-latest": {
      "name": "google-libphonenumber",
      "version": "3.2.21",
      "resolved": "https://registry.npmjs.org/google-libphonenumber/-/google-libphonenumber-3.2.21.tgz",
      "integrity": "sha512-d8dMePLPIZXHGEvyGM4PTEPBxXC29mhXtqruD11iZd9KzyKb216kJuBPZq6m3BTmiI5ZiIb4epzrZsatRJ5ZaA==",
      "engines": {
        "node": ">=0.10"
      }
    }
  },
  "dependencies": {
    "google-libphonenumber": {
      "version": "3.0.12",
      "resolved": "https://registry.npmjs.org/google-libphonenumber/-/google-libphonenumber-3.0.12.tgz",
      "integrity": "sha512-z+kGqkHo61yAXWCGzhnoub6pm7Pmv+txeMa6Xp4rFuejDBmh7kzuvAQhi7Oyi9tAGURMmOMouMsLkDvf7GlqOA=="
    },
    "google-libphonenumber-latest": {
      "version": "npm:google-libphonenumber@3.2.21",
      "resolved": "https://registry.npmjs.org/google-libphonenumber/-/google-libphonenumber-3.2.21.tgz",
      "integrity": "sha512-d8dMePLPIZXHGEvyGM4PTEPBxXC29mhXtqruD11iZd9KzyKb216kJuBPZq6m3BTmiI5ZiIb4epzrZsatRJ5ZaA=="
    }
  }
}
